
Microsoft Visual Studio Solution File, Format Version 12.00
# Visual Studio Version 16
VisualStudioVersion = 16.0.29709.97
MinimumVisualStudioVersion = 10.0.40219.1
Project("{FAE04EC0-301F-11D3-BF4B-00C04F79EFBC}") = "GratesCommonDivisor", "GratesCommonDivisor.csproj", "{19E6C1D9-45A4-4A2E-8C3A-E244382BA8FA}"
EndProject
Global
	GlobalSection(SolutionConfigurationPlatforms) = preSolution
		Debug|Any CPU = Debug|Any CPU
		Release|Any CPU = Release|Any CPU
	EndGlobalSection
	GlobalSection(ProjectConfigurationPlatforms) = postSolution
		{19E6C1D9-45A4-4A2E-8C3A-E244382BA8FA}.Debug|Any CPU.ActiveCfg = Debug|Any CPU
		{19E6C1D9-45A4-4A2E-8C3A-E244382BA8FA}.Debug|Any CPU.Build.0 = Debug|Any CPU
		{19E6C1D9-45A4-4A2E-8C3A-E244382BA8FA}.Release|Any CPU.ActiveCfg = Release|Any CPU
		{19E6C1D9-45A4-4A2E-8C3A-E244382BA8FA}.Release|Any CPU.Build.0 = Release|Any CPU
	EndGlobalSection
	GlobalSection(SolutionProperties) = preSolution
		HideSolutionNode = FALSE
	EndGlobalSection
	GlobalSection(ExtensibilityGlobals) = postSolution
		SolutionGuid = {403D03F1-0026-40E8-A660-839D24B09B73}
	EndGlobalSection
EndGlobal
