
Microsoft Visual Studio Solution File, Format Version 12.00
# Visual Studio Version 16
VisualStudioVersion = 16.0.29709.97
MinimumVisualStudioVersion = 10.0.40219.1
Project("{FAE04EC0-301F-11D3-BF4B-00C04F79EFBC}") = "CAB", "CAB.csproj", "{2E3FE7F9-7CF7-4981-AC0E-6D66E9CFF9F5}"
EndProject
Global
	GlobalSection(SolutionConfigurationPlatforms) = preSolution
		Debug|Any CPU = Debug|Any CPU
		Release|Any CPU = Release|Any CPU
	EndGlobalSection
	GlobalSection(ProjectConfigurationPlatforms) = postSolution
		{2E3FE7F9-7CF7-4981-AC0E-6D66E9CFF9F5}.Debug|Any CPU.ActiveCfg = Debug|Any CPU
		{2E3FE7F9-7CF7-4981-AC0E-6D66E9CFF9F5}.Debug|Any CPU.Build.0 = Debug|Any CPU
		{2E3FE7F9-7CF7-4981-AC0E-6D66E9CFF9F5}.Release|Any CPU.ActiveCfg = Release|Any CPU
		{2E3FE7F9-7CF7-4981-AC0E-6D66E9CFF9F5}.Release|Any CPU.Build.0 = Release|Any CPU
	EndGlobalSection
	GlobalSection(SolutionProperties) = preSolution
		HideSolutionNode = FALSE
	EndGlobalSection
	GlobalSection(ExtensibilityGlobals) = postSolution
		SolutionGuid = {81EB9453-9427-4F49-A69A-35F904B84F7B}
	EndGlobalSection
EndGlobal
