
Microsoft Visual Studio Solution File, Format Version 12.00
# Visual Studio Version 16
VisualStudioVersion = 16.0.29613.14
MinimumVisualStudioVersion = 10.0.40219.1
Project("{FAE04EC0-301F-11D3-BF4B-00C04F79EFBC}") = "Stopwatch2", "Stopwatch2.csproj", "{31C99E6C-CD3C-4E72-925D-C57EF1FBC59A}"
EndProject
Global
	GlobalSection(SolutionConfigurationPlatforms) = preSolution
		Debug|Any CPU = Debug|Any CPU
		Release|Any CPU = Release|Any CPU
	EndGlobalSection
	GlobalSection(ProjectConfigurationPlatforms) = postSolution
		{31C99E6C-CD3C-4E72-925D-C57EF1FBC59A}.Debug|Any CPU.ActiveCfg = Debug|Any CPU
		{31C99E6C-CD3C-4E72-925D-C57EF1FBC59A}.Debug|Any CPU.Build.0 = Debug|Any CPU
		{31C99E6C-CD3C-4E72-925D-C57EF1FBC59A}.Release|Any CPU.ActiveCfg = Release|Any CPU
		{31C99E6C-CD3C-4E72-925D-C57EF1FBC59A}.Release|Any CPU.Build.0 = Release|Any CPU
	EndGlobalSection
	GlobalSection(SolutionProperties) = preSolution
		HideSolutionNode = FALSE
	EndGlobalSection
	GlobalSection(ExtensibilityGlobals) = postSolution
		SolutionGuid = {85D3BB05-1032-4839-83C6-8D998645BC47}
	EndGlobalSection
EndGlobal
