
Microsoft Visual Studio Solution File, Format Version 12.00
# Visual Studio Version 16
VisualStudioVersion = 16.0.29519.87
MinimumVisualStudioVersion = 10.0.40219.1
Project("{FAE04EC0-301F-11D3-BF4B-00C04F79EFBC}") = "printAll", "printAll\printAll.csproj", "{42BC9EA7-E91D-4414-A934-18400091BCA6}"
EndProject
Global
	GlobalSection(SolutionConfigurationPlatforms) = preSolution
		Debug|Any CPU = Debug|Any CPU
		Release|Any CPU = Release|Any CPU
	EndGlobalSection
	GlobalSection(ProjectConfigurationPlatforms) = postSolution
		{42BC9EA7-E91D-4414-A934-18400091BCA6}.Debug|Any CPU.ActiveCfg = Debug|Any CPU
		{42BC9EA7-E91D-4414-A934-18400091BCA6}.Debug|Any CPU.Build.0 = Debug|Any CPU
		{42BC9EA7-E91D-4414-A934-18400091BCA6}.Release|Any CPU.ActiveCfg = Release|Any CPU
		{42BC9EA7-E91D-4414-A934-18400091BCA6}.Release|Any CPU.Build.0 = Release|Any CPU
	EndGlobalSection
	GlobalSection(SolutionProperties) = preSolution
		HideSolutionNode = FALSE
	EndGlobalSection
	GlobalSection(ExtensibilityGlobals) = postSolution
		SolutionGuid = {7B18050C-9975-4310-9571-C17C0B9960FF}
	EndGlobalSection
EndGlobal
