
Microsoft Visual Studio Solution File, Format Version 12.00
# Visual Studio Version 16
VisualStudioVersion = 16.0.29519.87
MinimumVisualStudioVersion = 10.0.40219.1
Project("{FAE04EC0-301F-11D3-BF4B-00C04F79EFBC}") = "mile-to-km-converter", "mile-to-km-converter\mile-to-km-converter.csproj", "{FC47B5F5-2901-4CB7-9519-8DB30209DCC2}"
EndProject
Global
	GlobalSection(SolutionConfigurationPlatforms) = preSolution
		Debug|Any CPU = Debug|Any CPU
		Release|Any CPU = Release|Any CPU
	EndGlobalSection
	GlobalSection(ProjectConfigurationPlatforms) = postSolution
		{FC47B5F5-2901-4CB7-9519-8DB30209DCC2}.Debug|Any CPU.ActiveCfg = Debug|Any CPU
		{FC47B5F5-2901-4CB7-9519-8DB30209DCC2}.Debug|Any CPU.Build.0 = Debug|Any CPU
		{FC47B5F5-2901-4CB7-9519-8DB30209DCC2}.Release|Any CPU.ActiveCfg = Release|Any CPU
		{FC47B5F5-2901-4CB7-9519-8DB30209DCC2}.Release|Any CPU.Build.0 = Release|Any CPU
	EndGlobalSection
	GlobalSection(SolutionProperties) = preSolution
		HideSolutionNode = FALSE
	EndGlobalSection
	GlobalSection(ExtensibilityGlobals) = postSolution
		SolutionGuid = {2D4B8E96-55B5-41B6-9F5D-126B9DF58C16}
	EndGlobalSection
EndGlobal
