
Microsoft Visual Studio Solution File, Format Version 12.00
# Visual Studio Version 16
VisualStudioVersion = 16.0.29519.87
MinimumVisualStudioVersion = 10.0.40219.1
Project("{FAE04EC0-301F-11D3-BF4B-00C04F79EFBC}") = "i-wont-cheat-on-the-exams", "i-wont-cheat-on-the-exams\i-wont-cheat-on-the-exams.csproj", "{069F6CC1-D527-48B8-9CF4-428F6F854C8F}"
EndProject
Global
	GlobalSection(SolutionConfigurationPlatforms) = preSolution
		Debug|Any CPU = Debug|Any CPU
		Release|Any CPU = Release|Any CPU
	EndGlobalSection
	GlobalSection(ProjectConfigurationPlatforms) = postSolution
		{069F6CC1-D527-48B8-9CF4-428F6F854C8F}.Debug|Any CPU.ActiveCfg = Debug|Any CPU
		{069F6CC1-D527-48B8-9CF4-428F6F854C8F}.Debug|Any CPU.Build.0 = Debug|Any CPU
		{069F6CC1-D527-48B8-9CF4-428F6F854C8F}.Release|Any CPU.ActiveCfg = Release|Any CPU
		{069F6CC1-D527-48B8-9CF4-428F6F854C8F}.Release|Any CPU.Build.0 = Release|Any CPU
	EndGlobalSection
	GlobalSection(SolutionProperties) = preSolution
		HideSolutionNode = FALSE
	EndGlobalSection
	GlobalSection(ExtensibilityGlobals) = postSolution
		SolutionGuid = {DE11A150-9238-4CC9-90A8-4AFFC4C3A6D8}
	EndGlobalSection
EndGlobal
