
Microsoft Visual Studio Solution File, Format Version 12.00
# Visual Studio Version 16
VisualStudioVersion = 16.0.29519.87
MinimumVisualStudioVersion = 10.0.40219.1
Project("{FAE04EC0-301F-11D3-BF4B-00C04F79EFBC}") = "cuboid", "cuboid\cuboid.csproj", "{B6B40CF7-B67B-4EDA-9051-ECCA3A09C87A}"
EndProject
Global
	GlobalSection(SolutionConfigurationPlatforms) = preSolution
		Debug|Any CPU = Debug|Any CPU
		Release|Any CPU = Release|Any CPU
	EndGlobalSection
	GlobalSection(ProjectConfigurationPlatforms) = postSolution
		{B6B40CF7-B67B-4EDA-9051-ECCA3A09C87A}.Debug|Any CPU.ActiveCfg = Debug|Any CPU
		{B6B40CF7-B67B-4EDA-9051-ECCA3A09C87A}.Debug|Any CPU.Build.0 = Debug|Any CPU
		{B6B40CF7-B67B-4EDA-9051-ECCA3A09C87A}.Release|Any CPU.ActiveCfg = Release|Any CPU
		{B6B40CF7-B67B-4EDA-9051-ECCA3A09C87A}.Release|Any CPU.Build.0 = Release|Any CPU
	EndGlobalSection
	GlobalSection(SolutionProperties) = preSolution
		HideSolutionNode = FALSE
	EndGlobalSection
	GlobalSection(ExtensibilityGlobals) = postSolution
		SolutionGuid = {20DFEF4B-E265-4674-80B6-D842F0A080AC}
	EndGlobalSection
EndGlobal
