
Microsoft Visual Studio Solution File, Format Version 12.00
# Visual Studio Version 16
VisualStudioVersion = 16.0.29519.87
MinimumVisualStudioVersion = 10.0.40219.1
Project("{FAE04EC0-301F-11D3-BF4B-00C04F79EFBC}") = "append-a-func", "append-a-func\append-a-func.csproj", "{35ACC8AF-3FB3-40AE-B8EC-91AC216A156A}"
EndProject
Global
	GlobalSection(SolutionConfigurationPlatforms) = preSolution
		Debug|Any CPU = Debug|Any CPU
		Release|Any CPU = Release|Any CPU
	EndGlobalSection
	GlobalSection(ProjectConfigurationPlatforms) = postSolution
		{35ACC8AF-3FB3-40AE-B8EC-91AC216A156A}.Debug|Any CPU.ActiveCfg = Debug|Any CPU
		{35ACC8AF-3FB3-40AE-B8EC-91AC216A156A}.Debug|Any CPU.Build.0 = Debug|Any CPU
		{35ACC8AF-3FB3-40AE-B8EC-91AC216A156A}.Release|Any CPU.ActiveCfg = Release|Any CPU
		{35ACC8AF-3FB3-40AE-B8EC-91AC216A156A}.Release|Any CPU.Build.0 = Release|Any CPU
	EndGlobalSection
	GlobalSection(SolutionProperties) = preSolution
		HideSolutionNode = FALSE
	EndGlobalSection
	GlobalSection(ExtensibilityGlobals) = postSolution
		SolutionGuid = {3985F47F-5DD6-4FED-B654-27E47FB92AF2}
	EndGlobalSection
EndGlobal
