
Microsoft Visual Studio Solution File, Format Version 12.00
# Visual Studio Version 16
VisualStudioVersion = 16.0.29709.97
MinimumVisualStudioVersion = 10.0.40219.1
Project("{FAE04EC0-301F-11D3-BF4B-00C04F79EFBC}") = "Substrlist", "Substrlist\Substrlist.csproj", "{84F892EB-58B3-4991-B588-3062551010FD}"
EndProject
Global
	GlobalSection(SolutionConfigurationPlatforms) = preSolution
		Debug|Any CPU = Debug|Any CPU
		Release|Any CPU = Release|Any CPU
	EndGlobalSection
	GlobalSection(ProjectConfigurationPlatforms) = postSolution
		{84F892EB-58B3-4991-B588-3062551010FD}.Debug|Any CPU.ActiveCfg = Debug|Any CPU
		{84F892EB-58B3-4991-B588-3062551010FD}.Debug|Any CPU.Build.0 = Debug|Any CPU
		{84F892EB-58B3-4991-B588-3062551010FD}.Release|Any CPU.ActiveCfg = Release|Any CPU
		{84F892EB-58B3-4991-B588-3062551010FD}.Release|Any CPU.Build.0 = Release|Any CPU
	EndGlobalSection
	GlobalSection(SolutionProperties) = preSolution
		HideSolutionNode = FALSE
	EndGlobalSection
	GlobalSection(ExtensibilityGlobals) = postSolution
		SolutionGuid = {E03841B9-9F7A-453B-8858-DEFA3DD25266}
	EndGlobalSection
EndGlobal
