
Microsoft Visual Studio Solution File, Format Version 12.00
# Visual Studio Version 16
VisualStudioVersion = 16.0.29709.97
MinimumVisualStudioVersion = 10.0.40219.1
Project("{FAE04EC0-301F-11D3-BF4B-00C04F79EFBC}") = "Power", "Power.csproj", "{5D130AFD-F476-4F1D-9CE9-E95012FAA056}"
EndProject
Global
	GlobalSection(SolutionConfigurationPlatforms) = preSolution
		Debug|Any CPU = Debug|Any CPU
		Release|Any CPU = Release|Any CPU
	EndGlobalSection
	GlobalSection(ProjectConfigurationPlatforms) = postSolution
		{5D130AFD-F476-4F1D-9CE9-E95012FAA056}.Debug|Any CPU.ActiveCfg = Debug|Any CPU
		{5D130AFD-F476-4F1D-9CE9-E95012FAA056}.Debug|Any CPU.Build.0 = Debug|Any CPU
		{5D130AFD-F476-4F1D-9CE9-E95012FAA056}.Release|Any CPU.ActiveCfg = Release|Any CPU
		{5D130AFD-F476-4F1D-9CE9-E95012FAA056}.Release|Any CPU.Build.0 = Release|Any CPU
	EndGlobalSection
	GlobalSection(SolutionProperties) = preSolution
		HideSolutionNode = FALSE
	EndGlobalSection
	GlobalSection(ExtensibilityGlobals) = postSolution
		SolutionGuid = {5F6D8F32-5D15-45B2-8AB6-342273C0701C}
	EndGlobalSection
EndGlobal
