
Microsoft Visual Studio Solution File, Format Version 12.00
# Visual Studio Version 16
VisualStudioVersion = 16.0.29709.97
MinimumVisualStudioVersion = 10.0.40219.1
Project("{9A19103F-16F7-4668-BE54-9A1E7A4F7556}") = "Sharpie", "Sharpie.csproj", "{8D0283C6-7A5D-4B79-B44A-391370149CFC}"
EndProject
Global
	GlobalSection(SolutionConfigurationPlatforms) = preSolution
		Debug|Any CPU = Debug|Any CPU
		Release|Any CPU = Release|Any CPU
	EndGlobalSection
	GlobalSection(ProjectConfigurationPlatforms) = postSolution
		{8D0283C6-7A5D-4B79-B44A-391370149CFC}.Debug|Any CPU.ActiveCfg = Debug|Any CPU
		{8D0283C6-7A5D-4B79-B44A-391370149CFC}.Debug|Any CPU.Build.0 = Debug|Any CPU
		{8D0283C6-7A5D-4B79-B44A-391370149CFC}.Release|Any CPU.ActiveCfg = Release|Any CPU
		{8D0283C6-7A5D-4B79-B44A-391370149CFC}.Release|Any CPU.Build.0 = Release|Any CPU
	EndGlobalSection
	GlobalSection(SolutionProperties) = preSolution
		HideSolutionNode = FALSE
	EndGlobalSection
	GlobalSection(ExtensibilityGlobals) = postSolution
		SolutionGuid = {14252BDA-D09E-4439-8950-4B78FC981FC8}
	EndGlobalSection
EndGlobal
