
Microsoft Visual Studio Solution File, Format Version 12.00
# Visual Studio Version 16
VisualStudioVersion = 16.0.29613.14
MinimumVisualStudioVersion = 10.0.40219.1
Project("{FAE04EC0-301F-11D3-BF4B-00C04F79EFBC}") = "elementfinder", "elementfinder.csproj", "{4DB1106D-FE73-4C63-B091-99769181888D}"
EndProject
Global
	GlobalSection(SolutionConfigurationPlatforms) = preSolution
		Debug|Any CPU = Debug|Any CPU
		Release|Any CPU = Release|Any CPU
	EndGlobalSection
	GlobalSection(ProjectConfigurationPlatforms) = postSolution
		{4DB1106D-FE73-4C63-B091-99769181888D}.Debug|Any CPU.ActiveCfg = Debug|Any CPU
		{4DB1106D-FE73-4C63-B091-99769181888D}.Debug|Any CPU.Build.0 = Debug|Any CPU
		{4DB1106D-FE73-4C63-B091-99769181888D}.Release|Any CPU.ActiveCfg = Release|Any CPU
		{4DB1106D-FE73-4C63-B091-99769181888D}.Release|Any CPU.Build.0 = Release|Any CPU
	EndGlobalSection
	GlobalSection(SolutionProperties) = preSolution
		HideSolutionNode = FALSE
	EndGlobalSection
	GlobalSection(ExtensibilityGlobals) = postSolution
		SolutionGuid = {E68EC708-396D-4687-B8B7-AEB09D8D7420}
	EndGlobalSection
EndGlobal
