
Microsoft Visual Studio Solution File, Format Version 12.00
# Visual Studio Version 16
VisualStudioVersion = 16.0.29519.87
MinimumVisualStudioVersion = 10.0.40219.1
Project("{FAE04EC0-301F-11D3-BF4B-00C04F79EFBC}") = "HelloOthers", "HelloOthers\HelloOthers.csproj", "{053DD1B7-322B-49AF-ACB1-63A60F35CC19}"
EndProject
Global
	GlobalSection(SolutionConfigurationPlatforms) = preSolution
		Debug|Any CPU = Debug|Any CPU
		Release|Any CPU = Release|Any CPU
	EndGlobalSection
	GlobalSection(ProjectConfigurationPlatforms) = postSolution
		{053DD1B7-322B-49AF-ACB1-63A60F35CC19}.Debug|Any CPU.ActiveCfg = Debug|Any CPU
		{053DD1B7-322B-49AF-ACB1-63A60F35CC19}.Debug|Any CPU.Build.0 = Debug|Any CPU
		{053DD1B7-322B-49AF-ACB1-63A60F35CC19}.Release|Any CPU.ActiveCfg = Release|Any CPU
		{053DD1B7-322B-49AF-ACB1-63A60F35CC19}.Release|Any CPU.Build.0 = Release|Any CPU
	EndGlobalSection
	GlobalSection(SolutionProperties) = preSolution
		HideSolutionNode = FALSE
	EndGlobalSection
	GlobalSection(ExtensibilityGlobals) = postSolution
		SolutionGuid = {E6AD716C-C187-40AF-9993-567786730FF3}
	EndGlobalSection
EndGlobal
