
Microsoft Visual Studio Solution File, Format Version 12.00
# Visual Studio Version 16
VisualStudioVersion = 16.0.29519.87
MinimumVisualStudioVersion = 10.0.40219.1
Project("{FAE04EC0-301F-11D3-BF4B-00C04F79EFBC}") = "guess-the-number", "guess-the-number\guess-the-number.csproj", "{08BB2F42-B8D9-43FA-902C-4BC5D036AABE}"
EndProject
Global
	GlobalSection(SolutionConfigurationPlatforms) = preSolution
		Debug|Any CPU = Debug|Any CPU
		Release|Any CPU = Release|Any CPU
	EndGlobalSection
	GlobalSection(ProjectConfigurationPlatforms) = postSolution
		{08BB2F42-B8D9-43FA-902C-4BC5D036AABE}.Debug|Any CPU.ActiveCfg = Debug|Any CPU
		{08BB2F42-B8D9-43FA-902C-4BC5D036AABE}.Debug|Any CPU.Build.0 = Debug|Any CPU
		{08BB2F42-B8D9-43FA-902C-4BC5D036AABE}.Release|Any CPU.ActiveCfg = Release|Any CPU
		{08BB2F42-B8D9-43FA-902C-4BC5D036AABE}.Release|Any CPU.Build.0 = Release|Any CPU
	EndGlobalSection
	GlobalSection(SolutionProperties) = preSolution
		HideSolutionNode = FALSE
	EndGlobalSection
	GlobalSection(ExtensibilityGlobals) = postSolution
		SolutionGuid = {28CA32F8-AC7D-43E0-8436-FDF2428F9D67}
	EndGlobalSection
EndGlobal
