
Microsoft Visual Studio Solution File, Format Version 12.00
# Visual Studio Version 16
VisualStudioVersion = 16.0.29519.87
MinimumVisualStudioVersion = 10.0.40219.1
Project("{FAE04EC0-301F-11D3-BF4B-00C04F79EFBC}") = "printEven", "printEven\printEven.csproj", "{D0340936-2A8A-4276-8B52-CFFA08EB829D}"
EndProject
Global
	GlobalSection(SolutionConfigurationPlatforms) = preSolution
		Debug|Any CPU = Debug|Any CPU
		Release|Any CPU = Release|Any CPU
	EndGlobalSection
	GlobalSection(ProjectConfigurationPlatforms) = postSolution
		{D0340936-2A8A-4276-8B52-CFFA08EB829D}.Debug|Any CPU.ActiveCfg = Debug|Any CPU
		{D0340936-2A8A-4276-8B52-CFFA08EB829D}.Debug|Any CPU.Build.0 = Debug|Any CPU
		{D0340936-2A8A-4276-8B52-CFFA08EB829D}.Release|Any CPU.ActiveCfg = Release|Any CPU
		{D0340936-2A8A-4276-8B52-CFFA08EB829D}.Release|Any CPU.Build.0 = Release|Any CPU
	EndGlobalSection
	GlobalSection(SolutionProperties) = preSolution
		HideSolutionNode = FALSE
	EndGlobalSection
	GlobalSection(ExtensibilityGlobals) = postSolution
		SolutionGuid = {84F55C80-0A94-44E2-A226-3C68551F2F0E}
	EndGlobalSection
EndGlobal
