
Microsoft Visual Studio Solution File, Format Version 12.00
# Visual Studio Version 16
VisualStudioVersion = 16.0.29519.87
MinimumVisualStudioVersion = 10.0.40219.1
Project("{FAE04EC0-301F-11D3-BF4B-00C04F79EFBC}") = "findSubstring", "findSubstring\findSubstring.csproj", "{8E1F1930-95B0-4BC6-A9DC-D65A6D2F567F}"
EndProject
Global
	GlobalSection(SolutionConfigurationPlatforms) = preSolution
		Debug|Any CPU = Debug|Any CPU
		Release|Any CPU = Release|Any CPU
	EndGlobalSection
	GlobalSection(ProjectConfigurationPlatforms) = postSolution
		{8E1F1930-95B0-4BC6-A9DC-D65A6D2F567F}.Debug|Any CPU.ActiveCfg = Debug|Any CPU
		{8E1F1930-95B0-4BC6-A9DC-D65A6D2F567F}.Debug|Any CPU.Build.0 = Debug|Any CPU
		{8E1F1930-95B0-4BC6-A9DC-D65A6D2F567F}.Release|Any CPU.ActiveCfg = Release|Any CPU
		{8E1F1930-95B0-4BC6-A9DC-D65A6D2F567F}.Release|Any CPU.Build.0 = Release|Any CPU
	EndGlobalSection
	GlobalSection(SolutionProperties) = preSolution
		HideSolutionNode = FALSE
	EndGlobalSection
	GlobalSection(ExtensibilityGlobals) = postSolution
		SolutionGuid = {4FF61DE5-E10B-474A-9E05-EA1D3FB9D826}
	EndGlobalSection
EndGlobal
