
Microsoft Visual Studio Solution File, Format Version 12.00
# Visual Studio Version 16
VisualStudioVersion = 16.0.29613.14
MinimumVisualStudioVersion = 10.0.40219.1
Project("{FAE04EC0-301F-11D3-BF4B-00C04F79EFBC}") = "mapIntroduction2", "mapIntroduction2.csproj", "{CC4C11EA-011D-4819-B1E7-E4F6F9FF82E9}"
EndProject
Global
	GlobalSection(SolutionConfigurationPlatforms) = preSolution
		Debug|Any CPU = Debug|Any CPU
		Release|Any CPU = Release|Any CPU
	EndGlobalSection
	GlobalSection(ProjectConfigurationPlatforms) = postSolution
		{CC4C11EA-011D-4819-B1E7-E4F6F9FF82E9}.Debug|Any CPU.ActiveCfg = Debug|Any CPU
		{CC4C11EA-011D-4819-B1E7-E4F6F9FF82E9}.Debug|Any CPU.Build.0 = Debug|Any CPU
		{CC4C11EA-011D-4819-B1E7-E4F6F9FF82E9}.Release|Any CPU.ActiveCfg = Release|Any CPU
		{CC4C11EA-011D-4819-B1E7-E4F6F9FF82E9}.Release|Any CPU.Build.0 = Release|Any CPU
	EndGlobalSection
	GlobalSection(SolutionProperties) = preSolution
		HideSolutionNode = FALSE
	EndGlobalSection
	GlobalSection(ExtensibilityGlobals) = postSolution
		SolutionGuid = {B11D7BFD-22FC-41EE-BCA9-D123CCA524D4}
	EndGlobalSection
EndGlobal
