
Microsoft Visual Studio Solution File, Format Version 12.00
# Visual Studio Version 16
VisualStudioVersion = 16.0.29709.97
MinimumVisualStudioVersion = 10.0.40219.1
Project("{FAE04EC0-301F-11D3-BF4B-00C04F79EFBC}") = "PrintEachLine", "PrintEachLine.csproj", "{FCDDE1F8-BE66-4749-B509-7DFF479661E8}"
EndProject
Global
	GlobalSection(SolutionConfigurationPlatforms) = preSolution
		Debug|Any CPU = Debug|Any CPU
		Release|Any CPU = Release|Any CPU
	EndGlobalSection
	GlobalSection(ProjectConfigurationPlatforms) = postSolution
		{FCDDE1F8-BE66-4749-B509-7DFF479661E8}.Debug|Any CPU.ActiveCfg = Debug|Any CPU
		{FCDDE1F8-BE66-4749-B509-7DFF479661E8}.Debug|Any CPU.Build.0 = Debug|Any CPU
		{FCDDE1F8-BE66-4749-B509-7DFF479661E8}.Release|Any CPU.ActiveCfg = Release|Any CPU
		{FCDDE1F8-BE66-4749-B509-7DFF479661E8}.Release|Any CPU.Build.0 = Release|Any CPU
	EndGlobalSection
	GlobalSection(SolutionProperties) = preSolution
		HideSolutionNode = FALSE
	EndGlobalSection
	GlobalSection(ExtensibilityGlobals) = postSolution
		SolutionGuid = {18395F9A-45EA-43CC-9422-40AB9B90047E}
	EndGlobalSection
EndGlobal
