
Microsoft Visual Studio Solution File, Format Version 12.00
# Visual Studio Version 16
VisualStudioVersion = 16.0.29519.87
MinimumVisualStudioVersion = 10.0.40219.1
Project("{FAE04EC0-301F-11D3-BF4B-00C04F79EFBC}") = "textTask", "textTask.csproj", "{ED47EC05-47D5-4662-B651-5851D5C248E4}"
EndProject
Global
	GlobalSection(SolutionConfigurationPlatforms) = preSolution
		Debug|Any CPU = Debug|Any CPU
		Release|Any CPU = Release|Any CPU
	EndGlobalSection
	GlobalSection(ProjectConfigurationPlatforms) = postSolution
		{ED47EC05-47D5-4662-B651-5851D5C248E4}.Debug|Any CPU.ActiveCfg = Debug|Any CPU
		{ED47EC05-47D5-4662-B651-5851D5C248E4}.Debug|Any CPU.Build.0 = Debug|Any CPU
		{ED47EC05-47D5-4662-B651-5851D5C248E4}.Release|Any CPU.ActiveCfg = Release|Any CPU
		{ED47EC05-47D5-4662-B651-5851D5C248E4}.Release|Any CPU.Build.0 = Release|Any CPU
	EndGlobalSection
	GlobalSection(SolutionProperties) = preSolution
		HideSolutionNode = FALSE
	EndGlobalSection
	GlobalSection(ExtensibilityGlobals) = postSolution
		SolutionGuid = {AA8275E6-8A6C-4FFE-B84D-4A09271A380C}
	EndGlobalSection
EndGlobal
