
Microsoft Visual Studio Solution File, Format Version 12.00
# Visual Studio Version 16
VisualStudioVersion = 16.0.29613.14
MinimumVisualStudioVersion = 10.0.40219.1
Project("{FAE04EC0-301F-11D3-BF4B-00C04F79EFBC}") = "Properties", "Properties.csproj", "{146F6C63-9E76-4CA3-847A-07127ABA8CFE}"
EndProject
Global
	GlobalSection(SolutionConfigurationPlatforms) = preSolution
		Debug|Any CPU = Debug|Any CPU
		Release|Any CPU = Release|Any CPU
	EndGlobalSection
	GlobalSection(ProjectConfigurationPlatforms) = postSolution
		{146F6C63-9E76-4CA3-847A-07127ABA8CFE}.Debug|Any CPU.ActiveCfg = Debug|Any CPU
		{146F6C63-9E76-4CA3-847A-07127ABA8CFE}.Debug|Any CPU.Build.0 = Debug|Any CPU
		{146F6C63-9E76-4CA3-847A-07127ABA8CFE}.Release|Any CPU.ActiveCfg = Release|Any CPU
		{146F6C63-9E76-4CA3-847A-07127ABA8CFE}.Release|Any CPU.Build.0 = Release|Any CPU
	EndGlobalSection
	GlobalSection(SolutionProperties) = preSolution
		HideSolutionNode = FALSE
	EndGlobalSection
	GlobalSection(ExtensibilityGlobals) = postSolution
		SolutionGuid = {6162D889-5A88-403D-9190-D181B91B2E16}
	EndGlobalSection
EndGlobal
