
Microsoft Visual Studio Solution File, Format Version 12.00
# Visual Studio Version 16
VisualStudioVersion = 16.0.29709.97
MinimumVisualStudioVersion = 10.0.40219.1
Project("{FAE04EC0-301F-11D3-BF4B-00C04F79EFBC}") = "advanceReadFile", "advanceReadFile.csproj", "{08E8AA92-F736-438B-A2FA-3D2EB5F130DB}"
EndProject
Global
	GlobalSection(SolutionConfigurationPlatforms) = preSolution
		Debug|Any CPU = Debug|Any CPU
		Release|Any CPU = Release|Any CPU
	EndGlobalSection
	GlobalSection(ProjectConfigurationPlatforms) = postSolution
		{08E8AA92-F736-438B-A2FA-3D2EB5F130DB}.Debug|Any CPU.ActiveCfg = Debug|Any CPU
		{08E8AA92-F736-438B-A2FA-3D2EB5F130DB}.Debug|Any CPU.Build.0 = Debug|Any CPU
		{08E8AA92-F736-438B-A2FA-3D2EB5F130DB}.Release|Any CPU.ActiveCfg = Release|Any CPU
		{08E8AA92-F736-438B-A2FA-3D2EB5F130DB}.Release|Any CPU.Build.0 = Release|Any CPU
	EndGlobalSection
	GlobalSection(SolutionProperties) = preSolution
		HideSolutionNode = FALSE
	EndGlobalSection
	GlobalSection(ExtensibilityGlobals) = postSolution
		SolutionGuid = {9CF399F6-9C79-46CA-803E-4A64782783D8}
	EndGlobalSection
EndGlobal
