
Microsoft Visual Studio Solution File, Format Version 12.00
# Visual Studio Version 16
VisualStudioVersion = 16.0.29613.14
MinimumVisualStudioVersion = 10.0.40219.1
Project("{FAE04EC0-301F-11D3-BF4B-00C04F79EFBC}") = "matchinch", "matchinch.csproj", "{3D6BC6A8-37D6-4C25-944B-F537B520AB6F}"
EndProject
Global
	GlobalSection(SolutionConfigurationPlatforms) = preSolution
		Debug|Any CPU = Debug|Any CPU
		Release|Any CPU = Release|Any CPU
	EndGlobalSection
	GlobalSection(ProjectConfigurationPlatforms) = postSolution
		{3D6BC6A8-37D6-4C25-944B-F537B520AB6F}.Debug|Any CPU.ActiveCfg = Debug|Any CPU
		{3D6BC6A8-37D6-4C25-944B-F537B520AB6F}.Debug|Any CPU.Build.0 = Debug|Any CPU
		{3D6BC6A8-37D6-4C25-944B-F537B520AB6F}.Release|Any CPU.ActiveCfg = Release|Any CPU
		{3D6BC6A8-37D6-4C25-944B-F537B520AB6F}.Release|Any CPU.Build.0 = Release|Any CPU
	EndGlobalSection
	GlobalSection(SolutionProperties) = preSolution
		HideSolutionNode = FALSE
	EndGlobalSection
	GlobalSection(ExtensibilityGlobals) = postSolution
		SolutionGuid = {DAF0BBB4-8A03-4834-B261-5089345B9719}
	EndGlobalSection
EndGlobal
