
Microsoft Visual Studio Solution File, Format Version 12.00
# Visual Studio Version 16
VisualStudioVersion = 16.0.29519.87
MinimumVisualStudioVersion = 10.0.40219.1
Project("{FAE04EC0-301F-11D3-BF4B-00C04F79EFBC}") = "subString2", "subString2\subString2.csproj", "{B626237F-A09E-4158-BF4E-03CE89B6C8F3}"
EndProject
Global
	GlobalSection(SolutionConfigurationPlatforms) = preSolution
		Debug|Any CPU = Debug|Any CPU
		Release|Any CPU = Release|Any CPU
	EndGlobalSection
	GlobalSection(ProjectConfigurationPlatforms) = postSolution
		{B626237F-A09E-4158-BF4E-03CE89B6C8F3}.Debug|Any CPU.ActiveCfg = Debug|Any CPU
		{B626237F-A09E-4158-BF4E-03CE89B6C8F3}.Debug|Any CPU.Build.0 = Debug|Any CPU
		{B626237F-A09E-4158-BF4E-03CE89B6C8F3}.Release|Any CPU.ActiveCfg = Release|Any CPU
		{B626237F-A09E-4158-BF4E-03CE89B6C8F3}.Release|Any CPU.Build.0 = Release|Any CPU
	EndGlobalSection
	GlobalSection(SolutionProperties) = preSolution
		HideSolutionNode = FALSE
	EndGlobalSection
	GlobalSection(ExtensibilityGlobals) = postSolution
		SolutionGuid = {EEC6164C-03F1-4F1D-81F8-2E32D919AD91}
	EndGlobalSection
EndGlobal
