
Microsoft Visual Studio Solution File, Format Version 12.00
# Visual Studio Version 16
VisualStudioVersion = 16.0.29709.97
MinimumVisualStudioVersion = 10.0.40219.1
Project("{FAE04EC0-301F-11D3-BF4B-00C04F79EFBC}") = "WriteSingleLine", "WriteSingleLine.csproj", "{9A9CB0C1-E8BA-4D41-B640-9B356D6D55D5}"
EndProject
Global
	GlobalSection(SolutionConfigurationPlatforms) = preSolution
		Debug|Any CPU = Debug|Any CPU
		Release|Any CPU = Release|Any CPU
	EndGlobalSection
	GlobalSection(ProjectConfigurationPlatforms) = postSolution
		{9A9CB0C1-E8BA-4D41-B640-9B356D6D55D5}.Debug|Any CPU.ActiveCfg = Debug|Any CPU
		{9A9CB0C1-E8BA-4D41-B640-9B356D6D55D5}.Debug|Any CPU.Build.0 = Debug|Any CPU
		{9A9CB0C1-E8BA-4D41-B640-9B356D6D55D5}.Release|Any CPU.ActiveCfg = Release|Any CPU
		{9A9CB0C1-E8BA-4D41-B640-9B356D6D55D5}.Release|Any CPU.Build.0 = Release|Any CPU
	EndGlobalSection
	GlobalSection(SolutionProperties) = preSolution
		HideSolutionNode = FALSE
	EndGlobalSection
	GlobalSection(ExtensibilityGlobals) = postSolution
		SolutionGuid = {D4ECC1C4-7ED2-43EA-9C1C-D9135E1322DE}
	EndGlobalSection
EndGlobal
