
Microsoft Visual Studio Solution File, Format Version 12.00
# Visual Studio Version 16
VisualStudioVersion = 16.0.29519.87
MinimumVisualStudioVersion = 10.0.40219.1
Project("{FAE04EC0-301F-11D3-BF4B-00C04F79EFBC}") = "append-a", "append-a\append-a.csproj", "{ADF2E0CA-09AF-4548-ACA6-D29CDD17D078}"
EndProject
Global
	GlobalSection(SolutionConfigurationPlatforms) = preSolution
		Debug|Any CPU = Debug|Any CPU
		Release|Any CPU = Release|Any CPU
	EndGlobalSection
	GlobalSection(ProjectConfigurationPlatforms) = postSolution
		{ADF2E0CA-09AF-4548-ACA6-D29CDD17D078}.Debug|Any CPU.ActiveCfg = Debug|Any CPU
		{ADF2E0CA-09AF-4548-ACA6-D29CDD17D078}.Debug|Any CPU.Build.0 = Debug|Any CPU
		{ADF2E0CA-09AF-4548-ACA6-D29CDD17D078}.Release|Any CPU.ActiveCfg = Release|Any CPU
		{ADF2E0CA-09AF-4548-ACA6-D29CDD17D078}.Release|Any CPU.Build.0 = Release|Any CPU
	EndGlobalSection
	GlobalSection(SolutionProperties) = preSolution
		HideSolutionNode = FALSE
	EndGlobalSection
	GlobalSection(ExtensibilityGlobals) = postSolution
		SolutionGuid = {21AB59D8-4B10-4AFE-9CDC-B8962A35102C}
	EndGlobalSection
EndGlobal
