
Microsoft Visual Studio Solution File, Format Version 12.00
# Visual Studio Version 16
VisualStudioVersion = 16.0.29519.87
MinimumVisualStudioVersion = 10.0.40219.1
Project("{FAE04EC0-301F-11D3-BF4B-00C04F79EFBC}") = "HelloMe", "HelloMe\HelloMe.csproj", "{6B12D062-EDCD-49FC-927A-0686C95D1F79}"
EndProject
Global
	GlobalSection(SolutionConfigurationPlatforms) = preSolution
		Debug|Any CPU = Debug|Any CPU
		Release|Any CPU = Release|Any CPU
	EndGlobalSection
	GlobalSection(ProjectConfigurationPlatforms) = postSolution
		{6B12D062-EDCD-49FC-927A-0686C95D1F79}.Debug|Any CPU.ActiveCfg = Debug|Any CPU
		{6B12D062-EDCD-49FC-927A-0686C95D1F79}.Debug|Any CPU.Build.0 = Debug|Any CPU
		{6B12D062-EDCD-49FC-927A-0686C95D1F79}.Release|Any CPU.ActiveCfg = Release|Any CPU
		{6B12D062-EDCD-49FC-927A-0686C95D1F79}.Release|Any CPU.Build.0 = Release|Any CPU
	EndGlobalSection
	GlobalSection(SolutionProperties) = preSolution
		HideSolutionNode = FALSE
	EndGlobalSection
	GlobalSection(ExtensibilityGlobals) = postSolution
		SolutionGuid = {4448ABAA-017C-48A4-AB7E-1EDD41D8D4EF}
	EndGlobalSection
EndGlobal
