
Microsoft Visual Studio Solution File, Format Version 12.00
# Visual Studio Version 16
VisualStudioVersion = 16.0.30011.22
MinimumVisualStudioVersion = 10.0.40219.1
Project("{FAE04EC0-301F-11D3-BF4B-00C04F79EFBC}") = "TrainToTest", "TrainToTest\TrainToTest.csproj", "{BD32E762-71A2-4CAA-84D3-3A931C4F2CDB}"
EndProject
Global
	GlobalSection(SolutionConfigurationPlatforms) = preSolution
		Debug|Any CPU = Debug|Any CPU
		Release|Any CPU = Release|Any CPU
	EndGlobalSection
	GlobalSection(ProjectConfigurationPlatforms) = postSolution
		{BD32E762-71A2-4CAA-84D3-3A931C4F2CDB}.Debug|Any CPU.ActiveCfg = Debug|Any CPU
		{BD32E762-71A2-4CAA-84D3-3A931C4F2CDB}.Debug|Any CPU.Build.0 = Debug|Any CPU
		{BD32E762-71A2-4CAA-84D3-3A931C4F2CDB}.Release|Any CPU.ActiveCfg = Release|Any CPU
		{BD32E762-71A2-4CAA-84D3-3A931C4F2CDB}.Release|Any CPU.Build.0 = Release|Any CPU
	EndGlobalSection
	GlobalSection(SolutionProperties) = preSolution
		HideSolutionNode = FALSE
	EndGlobalSection
	GlobalSection(ExtensibilityGlobals) = postSolution
		SolutionGuid = {12205448-DEE4-466A-88B3-E4AC72A9DFDC}
	EndGlobalSection
EndGlobal
