
Microsoft Visual Studio Solution File, Format Version 12.00
# Visual Studio Version 16
VisualStudioVersion = 16.0.29709.97
MinimumVisualStudioVersion = 10.0.40219.1
Project("{FAE04EC0-301F-11D3-BF4B-00C04F79EFBC}") = "SharpieSet", "SharpieSet.csproj", "{50AF9744-E0C9-4EC2-A3AF-7ED0AC5D2940}"
EndProject
Project("{FAE04EC0-301F-11D3-BF4B-00C04F79EFBC}") = "SharpieTest", "..\SharpieTest\SharpieTest.csproj", "{A0893888-2A9E-474F-9A1F-EE9CAC52E168}"
EndProject
Global
	GlobalSection(SolutionConfigurationPlatforms) = preSolution
		Debug|Any CPU = Debug|Any CPU
		Release|Any CPU = Release|Any CPU
	EndGlobalSection
	GlobalSection(ProjectConfigurationPlatforms) = postSolution
		{50AF9744-E0C9-4EC2-A3AF-7ED0AC5D2940}.Debug|Any CPU.ActiveCfg = Debug|Any CPU
		{50AF9744-E0C9-4EC2-A3AF-7ED0AC5D2940}.Debug|Any CPU.Build.0 = Debug|Any CPU
		{50AF9744-E0C9-4EC2-A3AF-7ED0AC5D2940}.Release|Any CPU.ActiveCfg = Release|Any CPU
		{50AF9744-E0C9-4EC2-A3AF-7ED0AC5D2940}.Release|Any CPU.Build.0 = Release|Any CPU
		{A0893888-2A9E-474F-9A1F-EE9CAC52E168}.Debug|Any CPU.ActiveCfg = Debug|Any CPU
		{A0893888-2A9E-474F-9A1F-EE9CAC52E168}.Debug|Any CPU.Build.0 = Debug|Any CPU
		{A0893888-2A9E-474F-9A1F-EE9CAC52E168}.Release|Any CPU.ActiveCfg = Release|Any CPU
		{A0893888-2A9E-474F-9A1F-EE9CAC52E168}.Release|Any CPU.Build.0 = Release|Any CPU
	EndGlobalSection
	GlobalSection(SolutionProperties) = preSolution
		HideSolutionNode = FALSE
	EndGlobalSection
	GlobalSection(ExtensibilityGlobals) = postSolution
		SolutionGuid = {4BC9D79C-F0AB-4274-B74E-AFCEE645472C}
	EndGlobalSection
EndGlobal
