
Microsoft Visual Studio Solution File, Format Version 12.00
# Visual Studio Version 16
VisualStudioVersion = 16.0.29519.87
MinimumVisualStudioVersion = 10.0.40219.1
Project("{FAE04EC0-301F-11D3-BF4B-00C04F79EFBC}") = "encapsulation", "encapsulation.csproj", "{5DCF19E0-9553-4606-9B7F-BD8452A045A9}"
EndProject
Global
	GlobalSection(SolutionConfigurationPlatforms) = preSolution
		Debug|Any CPU = Debug|Any CPU
		Release|Any CPU = Release|Any CPU
	EndGlobalSection
	GlobalSection(ProjectConfigurationPlatforms) = postSolution
		{5DCF19E0-9553-4606-9B7F-BD8452A045A9}.Debug|Any CPU.ActiveCfg = Debug|Any CPU
		{5DCF19E0-9553-4606-9B7F-BD8452A045A9}.Debug|Any CPU.Build.0 = Debug|Any CPU
		{5DCF19E0-9553-4606-9B7F-BD8452A045A9}.Release|Any CPU.ActiveCfg = Release|Any CPU
		{5DCF19E0-9553-4606-9B7F-BD8452A045A9}.Release|Any CPU.Build.0 = Release|Any CPU
	EndGlobalSection
	GlobalSection(SolutionProperties) = preSolution
		HideSolutionNode = FALSE
	EndGlobalSection
	GlobalSection(ExtensibilityGlobals) = postSolution
		SolutionGuid = {ED0DDDE0-E554-42B1-8A1B-69A8A9B3E890}
	EndGlobalSection
EndGlobal
