
Microsoft Visual Studio Solution File, Format Version 12.00
# Visual Studio Version 16
VisualStudioVersion = 16.0.29519.87
MinimumVisualStudioVersion = 10.0.40219.1
Project("{FAE04EC0-301F-11D3-BF4B-00C04F79EFBC}") = "favorite-number", "favorite-number\favorite-number.csproj", "{04B06BCF-8358-44C0-8D59-3506E1F1F879}"
EndProject
Global
	GlobalSection(SolutionConfigurationPlatforms) = preSolution
		Debug|Any CPU = Debug|Any CPU
		Release|Any CPU = Release|Any CPU
	EndGlobalSection
	GlobalSection(ProjectConfigurationPlatforms) = postSolution
		{04B06BCF-8358-44C0-8D59-3506E1F1F879}.Debug|Any CPU.ActiveCfg = Debug|Any CPU
		{04B06BCF-8358-44C0-8D59-3506E1F1F879}.Debug|Any CPU.Build.0 = Debug|Any CPU
		{04B06BCF-8358-44C0-8D59-3506E1F1F879}.Release|Any CPU.ActiveCfg = Release|Any CPU
		{04B06BCF-8358-44C0-8D59-3506E1F1F879}.Release|Any CPU.Build.0 = Release|Any CPU
	EndGlobalSection
	GlobalSection(SolutionProperties) = preSolution
		HideSolutionNode = FALSE
	EndGlobalSection
	GlobalSection(ExtensibilityGlobals) = postSolution
		SolutionGuid = {B0711BB8-16D0-42B0-A0D8-F63B656FB221}
	EndGlobalSection
EndGlobal
